
Microsoft Visual Studio Solution File, Format Version 12.00
# Visual Studio 15
VisualStudioVersion = 15.0.28307.329
MinimumVisualStudioVersion = 10.0.40219.1
Project("{FAE04EC0-301F-11D3-BF4B-00C04F79EFBC}") = "ConsoleShemotecnika", "ConsoleShemotecnika\ConsoleShemotecnika.csproj", "{719DBE04-1C5D-488F-9487-93C46047BD1B}"
EndProject
Project("{FAE04EC0-301F-11D3-BF4B-00C04F79EFBC}") = "LibraryShemotechnika", "LibraryShemotechnika\LibraryShemotechnika.csproj", "{7C75DD86-C06E-4DD1-A12E-221794D573D8}"
EndProject
Global
	GlobalSection(SolutionConfigurationPlatforms) = preSolution
		Debug|Any CPU = Debug|Any CPU
		Release|Any CPU = Release|Any CPU
	EndGlobalSection
	GlobalSection(ProjectConfigurationPlatforms) = postSolution
		{719DBE04-1C5D-488F-9487-93C46047BD1B}.Debug|Any CPU.ActiveCfg = Debug|Any CPU
		{719DBE04-1C5D-488F-9487-93C46047BD1B}.Debug|Any CPU.Build.0 = Debug|Any CPU
		{719DBE04-1C5D-488F-9487-93C46047BD1B}.Release|Any CPU.ActiveCfg = Release|Any CPU
		{719DBE04-1C5D-488F-9487-93C46047BD1B}.Release|Any CPU.Build.0 = Release|Any CPU
		{7C75DD86-C06E-4DD1-A12E-221794D573D8}.Debug|Any CPU.ActiveCfg = Debug|Any CPU
		{7C75DD86-C06E-4DD1-A12E-221794D573D8}.Debug|Any CPU.Build.0 = Debug|Any CPU
		{7C75DD86-C06E-4DD1-A12E-221794D573D8}.Release|Any CPU.ActiveCfg = Release|Any CPU
		{7C75DD86-C06E-4DD1-A12E-221794D573D8}.Release|Any CPU.Build.0 = Release|Any CPU
	EndGlobalSection
	GlobalSection(SolutionProperties) = preSolution
		HideSolutionNode = FALSE
	EndGlobalSection
	GlobalSection(ExtensibilityGlobals) = postSolution
		SolutionGuid = {278F1FB2-8406-49F7-9886-03CEE81BC28A}
	EndGlobalSection
EndGlobal
